hash: 9f225c7d41653a3a0bdc5d6de4100d2d82bfe64e8ea3297edd16d18a25912703
updated: 2016-06-30T16:53:17.916199837+09:00
imports:
- name: github.com/golang/net
  version: 8e573f4005aa312856df2ea97c32b9beac70dd89
  subpackages:
  - websocket
- name: github.com/mitchellh/colorstring
  version: 8631ce90f28644f54aeedcb3e389a85174e067d1
- name: github.com/mitchellh/go-homedir
  version: 756f7b183b7ab78acdbbee5c7f392838ed459dda
- name: github.com/pkg/errors
  version: a2d6902c6d2a2f194eb3fb474981ab7867c81505
- name: github.com/tmtk75/cli
  version: ec3703a9dc1c48a880308ddc644a0f98aa6c4032
- name: github.com/tmtk75/go-ext
  version: 21187d7638bfd3e072bbb6437c4f77db05b5f020
- name: github.com/vaughan0/go-ini
  version: a98ad7ee00ec53921f08832bc06ecf7fd600e6a1
- name: golang.org/x/crypto
  version: 811831de4c4dd03a0b8737233af3b36852386373
  subpackages:
  - ssh/terminal
- name: golang.org/x/net
  version: 8e573f4005aa312856df2ea97c32b9beac70dd89
  subpackages:
  - websocket
devImports: []
